
Microsoft Visual Studio Solution File, Format Version 12.00
# Visual Studio 15
VisualStudioVersion = 15.0.28307.1525
MinimumVisualStudioVersion = 10.0.40219.1
Project("{FAE04EC0-301F-11D3-BF4B-00C04F79EFBC}") = "Pizza", "Pizza\Pizza.csproj", "{B8DB863E-8710-4D2C-A0B9-68426ACEDE7C}"
EndProject
Global
	GlobalSection(SolutionConfigurationPlatforms) = preSolution
		Debug|Any CPU = Debug|Any CPU
		Release|Any CPU = Release|Any CPU
	EndGlobalSection
	GlobalSection(ProjectConfigurationPlatforms) = postSolution
		{B8DB863E-8710-4D2C-A0B9-68426ACEDE7C}.Debug|Any CPU.ActiveCfg = Debug|Any CPU
		{B8DB863E-8710-4D2C-A0B9-68426ACEDE7C}.Debug|Any CPU.Build.0 = Debug|Any CPU
		{B8DB863E-8710-4D2C-A0B9-68426ACEDE7C}.Release|Any CPU.ActiveCfg = Release|Any CPU
		{B8DB863E-8710-4D2C-A0B9-68426ACEDE7C}.Release|Any CPU.Build.0 = Release|Any CPU
	EndGlobalSection
	GlobalSection(SolutionProperties) = preSolution
		HideSolutionNode = FALSE
	EndGlobalSection
	GlobalSection(ExtensibilityGlobals) = postSolution
		SolutionGuid = {F5C7EFDC-DEEF-45DF-9D7B-6DB1D117BE72}
	EndGlobalSection
EndGlobal
